
Microsoft Visual Studio Solution File, Format Version 12.00
# Visual Studio 15
Project("{FAE04EC0-301F-11D3-BF4B-00C04F79EFBC}") = "TheGeneralGame", "TheGeneralGame\TheGeneralGame.csproj", "{89463978-2641-4FAC-8899-B83F98DBA2B7}"
EndProject
Project("{FAE04EC0-301F-11D3-BF4B-00C04F79EFBC}") = "TheGeneralTests", "TheGeneralTests\TheGeneralTests.csproj", "{47573B4F-281E-417A-B03D-220F5BB0A75A}"
EndProject
Global
	GlobalSection(SolutionConfigurationPlatforms) = preSolution
		Debug|Any CPU = Debug|Any CPU
		Release|Any CPU = Release|Any CPU
	EndGlobalSection
	GlobalSection(ProjectConfigurationPlatforms) = postSolution
		{89463978-2641-4FAC-8899-B83F98DBA2B7}.Debug|Any CPU.ActiveCfg = Debug|Any CPU
		{89463978-2641-4FAC-8899-B83F98DBA2B7}.Debug|Any CPU.Build.0 = Debug|Any CPU
		{89463978-2641-4FAC-8899-B83F98DBA2B7}.Release|Any CPU.ActiveCfg = Release|Any CPU
		{89463978-2641-4FAC-8899-B83F98DBA2B7}.Release|Any CPU.Build.0 = Release|Any CPU
		{47573B4F-281E-417A-B03D-220F5BB0A75A}.Debug|Any CPU.ActiveCfg = Debug|Any CPU
		{47573B4F-281E-417A-B03D-220F5BB0A75A}.Debug|Any CPU.Build.0 = Debug|Any CPU
		{47573B4F-281E-417A-B03D-220F5BB0A75A}.Release|Any CPU.ActiveCfg = Release|Any CPU
		{47573B4F-281E-417A-B03D-220F5BB0A75A}.Release|Any CPU.Build.0 = Release|Any CPU
	EndGlobalSection
EndGlobal
